
Microsoft Visual Studio Solution File, Format Version 12.00
# Visual Studio Version 17
VisualStudioVersion = 17.11.35327.3
MinimumVisualStudioVersion = 10.0.40219.1
Project("{9A19103F-16F7-4668-BE54-9A1E7A4F7556}") = "BibleWell.App", "src\BibleWell.App\BibleWell.App.csproj", "{98DA04E8-EA58-4D52-9DE2-EF1FF6E29A6F}"
EndProject
Project("{9A19103F-16F7-4668-BE54-9A1E7A4F7556}") = "BibleWell.App.Android", "src\BibleWell.App.Android\BibleWell.App.Android.csproj", "{8E3CC1B0-02F7-4E4F-BAFC-CBEDB1C561F1}"
EndProject
Project("{9A19103F-16F7-4668-BE54-9A1E7A4F7556}") = "BibleWell.App.iOS", "src\BibleWell.App.iOS\BibleWell.App.iOS.csproj", "{7E82462B-8192-4EB5-BFF6-A1A4C6B5E284}"
EndProject
Project("{2150E333-8FDC-42A3-9474-1A3956D46DE8}") = "src", "src", "{97DC52D2-AAAC-47AA-9912-701BC7465BF8}"
EndProject
Project("{2150E333-8FDC-42A3-9474-1A3956D46DE8}") = "tests", "tests", "{E7B33CD9-74EA-4287-A83F-42B9CE97EC49}"
	ProjectSection(SolutionItems) = preProject
		tests\Directory.Build.props = tests\Directory.Build.props
		tests\readme.md = tests\readme.md
	EndProjectSection
EndProject
Project("{2150E333-8FDC-42A3-9474-1A3956D46DE8}") = "Solution Items", "Solution Items", "{50E00028-435D-430C-998C-365DC2906EBC}"
	ProjectSection(SolutionItems) = preProject
		.editorconfig = .editorconfig
		.gitignore = .gitignore
		Directory.Build.props = Directory.Build.props
		Directory.Packages.props = Directory.Packages.props
		global.json = global.json
		LICENSE = LICENSE
		nuget.config = nuget.config
		README.md = README.md
	EndProjectSection
EndProject
Project("{FAE04EC0-301F-11D3-BF4B-00C04F79EFBC}") = "BibleWell.App.Desktop", "src\BibleWell.App.Desktop\BibleWell.App.Desktop.csproj", "{7848DF21-6C01-41EE-A24C-ADABEFC0A479}"
EndProject
Project("{FAE04EC0-301F-11D3-BF4B-00C04F79EFBC}") = "BibleWell", "src\BibleWell\BibleWell.csproj", "{7EFE0B91-F21A-4E16-AEFE-40DCF690054E}"
EndProject
Project("{FAE04EC0-301F-11D3-BF4B-00C04F79EFBC}") = "BibleWell.Aquifer.Api", "src\BibleWell.Aquifer.Api\BibleWell.Aquifer.Api.csproj", "{3B2120D0-ADB2-4228-B859-C56689C8A997}"
EndProject
Project("{FAE04EC0-301F-11D3-BF4B-00C04F79EFBC}") = "BibleWell.Utility", "src\BibleWell.Utility\BibleWell.Utility.csproj", "{CB84251B-A5E5-4A28-A021-6C32A7DED95E}"
EndProject
Project("{FAE04EC0-301F-11D3-BF4B-00C04F79EFBC}") = "BibleWell.Aquifer.Data", "src\BibleWell.Aquifer.Data\BibleWell.Aquifer.Data.csproj", "{BC5A0DFD-1503-4EB9-9D04-BBBFAE1CE89A}"
EndProject
Project("{2150E333-8FDC-42A3-9474-1A3956D46DE8}") = "github", "github", "{02EA681E-C7D8-13C7-8484-4AC65E1B71E8}"
	ProjectSection(SolutionItems) = preProject
		.github\CODEOWNERS = .github\CODEOWNERS
		.github\settings.yml = .github\settings.yml
	EndProjectSection
EndProject
Project("{2150E333-8FDC-42A3-9474-1A3956D46DE8}") = "workflows", "workflows", "{039EFAFA-389F-4FEC-B995-E7ECC730C2DF}"
	ProjectSection(SolutionItems) = preProject
		.github\workflows\post-merge.yml = .github\workflows\post-merge.yml
		.github\workflows\pre-merge.yml = .github\workflows\pre-merge.yml
	EndProjectSection
EndProject
Project("{FAE04EC0-301F-11D3-BF4B-00C04F79EFBC}") = "BibleWell.Platform.Maui", "src\BibleWell.Platform.Maui\BibleWell.Platform.Maui.csproj", "{233E7A76-E8A7-4404-BB46-7C7ED4E84B32}"
EndProject
Project("{FAE04EC0-301F-11D3-BF4B-00C04F79EFBC}") = "BibleWell.App.UnitTests", "tests\BibleWell.App.UnitTests\BibleWell.App.UnitTests.csproj", "{03D191B8-C5BB-44FD-A141-8B91BE8AD516}"
EndProject
Project("{FAE04EC0-301F-11D3-BF4B-00C04F79EFBC}") = "BibleWell.App.IntegrationTests", "tests\BibleWell.App.IntegrationTests\BibleWell.App.IntegrationTests.csproj", "{F317BA0B-F0E4-4296-3914-63A136AE6A1E}"
EndProject
Global
	GlobalSection(SolutionConfigurationPlatforms) = preSolution
		Debug|Any CPU = Debug|Any CPU
		Release|Any CPU = Release|Any CPU
		Release-Optimized|Any CPU = Release-Optimized|Any CPU
	EndGlobalSection
	GlobalSection(ProjectConfigurationPlatforms) = postSolution
		{98DA04E8-EA58-4D52-9DE2-EF1FF6E29A6F}.Debug|Any CPU.ActiveCfg = Debug|Any CPU
		{98DA04E8-EA58-4D52-9DE2-EF1FF6E29A6F}.Debug|Any CPU.Build.0 = Debug|Any CPU
		{98DA04E8-EA58-4D52-9DE2-EF1FF6E29A6F}.Release|Any CPU.ActiveCfg = Release|Any CPU
		{98DA04E8-EA58-4D52-9DE2-EF1FF6E29A6F}.Release|Any CPU.Build.0 = Release|Any CPU
		{98DA04E8-EA58-4D52-9DE2-EF1FF6E29A6F}.Release-Optimized|Any CPU.ActiveCfg = Release-Optimized|Any CPU
		{98DA04E8-EA58-4D52-9DE2-EF1FF6E29A6F}.Release-Optimized|Any CPU.Build.0 = Release-Optimized|Any CPU
		{8E3CC1B0-02F7-4E4F-BAFC-CBEDB1C561F1}.Debug|Any CPU.ActiveCfg = Debug|Any CPU
		{8E3CC1B0-02F7-4E4F-BAFC-CBEDB1C561F1}.Debug|Any CPU.Build.0 = Debug|Any CPU
		{8E3CC1B0-02F7-4E4F-BAFC-CBEDB1C561F1}.Debug|Any CPU.Deploy.0 = Debug|Any CPU
		{8E3CC1B0-02F7-4E4F-BAFC-CBEDB1C561F1}.Release|Any CPU.ActiveCfg = Release|Any CPU
		{8E3CC1B0-02F7-4E4F-BAFC-CBEDB1C561F1}.Release|Any CPU.Build.0 = Release|Any CPU
		{8E3CC1B0-02F7-4E4F-BAFC-CBEDB1C561F1}.Release|Any CPU.Deploy.0 = Release|Any CPU
		{8E3CC1B0-02F7-4E4F-BAFC-CBEDB1C561F1}.Release-Optimized|Any CPU.ActiveCfg = Release-Optimized|Any CPU
		{8E3CC1B0-02F7-4E4F-BAFC-CBEDB1C561F1}.Release-Optimized|Any CPU.Build.0 = Release-Optimized|Any CPU
		{8E3CC1B0-02F7-4E4F-BAFC-CBEDB1C561F1}.Release-Optimized|Any CPU.Deploy.0 = Release-Optimized|Any CPU
		{7E82462B-8192-4EB5-BFF6-A1A4C6B5E284}.Debug|Any CPU.ActiveCfg = Debug|Any CPU
		{7E82462B-8192-4EB5-BFF6-A1A4C6B5E284}.Debug|Any CPU.Build.0 = Debug|Any CPU
		{7E82462B-8192-4EB5-BFF6-A1A4C6B5E284}.Debug|Any CPU.Deploy.0 = Debug|Any CPU
		{7E82462B-8192-4EB5-BFF6-A1A4C6B5E284}.Release|Any CPU.ActiveCfg = Release|Any CPU
		{7E82462B-8192-4EB5-BFF6-A1A4C6B5E284}.Release|Any CPU.Build.0 = Release|Any CPU
		{7E82462B-8192-4EB5-BFF6-A1A4C6B5E284}.Release|Any CPU.Deploy.0 = Release|Any CPU
		{7E82462B-8192-4EB5-BFF6-A1A4C6B5E284}.Release-Optimized|Any CPU.ActiveCfg = Release-Optimized|Any CPU
		{7E82462B-8192-4EB5-BFF6-A1A4C6B5E284}.Release-Optimized|Any CPU.Build.0 = Release-Optimized|Any CPU
		{7E82462B-8192-4EB5-BFF6-A1A4C6B5E284}.Release-Optimized|Any CPU.Deploy.0 = Release-Optimized|Any CPU
		{7848DF21-6C01-41EE-A24C-ADABEFC0A479}.Debug|Any CPU.ActiveCfg = Debug|Any CPU
		{7848DF21-6C01-41EE-A24C-ADABEFC0A479}.Debug|Any CPU.Build.0 = Debug|Any CPU
		{7848DF21-6C01-41EE-A24C-ADABEFC0A479}.Release|Any CPU.ActiveCfg = Release|Any CPU
		{7848DF21-6C01-41EE-A24C-ADABEFC0A479}.Release|Any CPU.Build.0 = Release|Any CPU
		{7848DF21-6C01-41EE-A24C-ADABEFC0A479}.Release-Optimized|Any CPU.ActiveCfg = Release|Any CPU
		{7848DF21-6C01-41EE-A24C-ADABEFC0A479}.Release-Optimized|Any CPU.Build.0 = Release|Any CPU
		{7EFE0B91-F21A-4E16-AEFE-40DCF690054E}.Debug|Any CPU.ActiveCfg = Debug|Any CPU
		{7EFE0B91-F21A-4E16-AEFE-40DCF690054E}.Debug|Any CPU.Build.0 = Debug|Any CPU
		{7EFE0B91-F21A-4E16-AEFE-40DCF690054E}.Release|Any CPU.ActiveCfg = Release|Any CPU
		{7EFE0B91-F21A-4E16-AEFE-40DCF690054E}.Release|Any CPU.Build.0 = Release|Any CPU
		{7EFE0B91-F21A-4E16-AEFE-40DCF690054E}.Release-Optimized|Any CPU.ActiveCfg = Release|Any CPU
		{7EFE0B91-F21A-4E16-AEFE-40DCF690054E}.Release-Optimized|Any CPU.Build.0 = Release|Any CPU
		{3B2120D0-ADB2-4228-B859-C56689C8A997}.Debug|Any CPU.ActiveCfg = Debug|Any CPU
		{3B2120D0-ADB2-4228-B859-C56689C8A997}.Debug|Any CPU.Build.0 = Debug|Any CPU
		{3B2120D0-ADB2-4228-B859-C56689C8A997}.Release|Any CPU.ActiveCfg = Release|Any CPU
		{3B2120D0-ADB2-4228-B859-C56689C8A997}.Release|Any CPU.Build.0 = Release|Any CPU
		{3B2120D0-ADB2-4228-B859-C56689C8A997}.Release-Optimized|Any CPU.ActiveCfg = Release|Any CPU
		{3B2120D0-ADB2-4228-B859-C56689C8A997}.Release-Optimized|Any CPU.Build.0 = Release|Any CPU
		{CB84251B-A5E5-4A28-A021-6C32A7DED95E}.Debug|Any CPU.ActiveCfg = Debug|Any CPU
		{CB84251B-A5E5-4A28-A021-6C32A7DED95E}.Debug|Any CPU.Build.0 = Debug|Any CPU
		{CB84251B-A5E5-4A28-A021-6C32A7DED95E}.Release|Any CPU.ActiveCfg = Release|Any CPU
		{CB84251B-A5E5-4A28-A021-6C32A7DED95E}.Release|Any CPU.Build.0 = Release|Any CPU
		{CB84251B-A5E5-4A28-A021-6C32A7DED95E}.Release-Optimized|Any CPU.ActiveCfg = Release|Any CPU
		{CB84251B-A5E5-4A28-A021-6C32A7DED95E}.Release-Optimized|Any CPU.Build.0 = Release|Any CPU
		{BC5A0DFD-1503-4EB9-9D04-BBBFAE1CE89A}.Debug|Any CPU.ActiveCfg = Debug|Any CPU
		{BC5A0DFD-1503-4EB9-9D04-BBBFAE1CE89A}.Debug|Any CPU.Build.0 = Debug|Any CPU
		{BC5A0DFD-1503-4EB9-9D04-BBBFAE1CE89A}.Release|Any CPU.ActiveCfg = Release|Any CPU
		{BC5A0DFD-1503-4EB9-9D04-BBBFAE1CE89A}.Release|Any CPU.Build.0 = Release|Any CPU
		{BC5A0DFD-1503-4EB9-9D04-BBBFAE1CE89A}.Release-Optimized|Any CPU.ActiveCfg = Release|Any CPU
		{BC5A0DFD-1503-4EB9-9D04-BBBFAE1CE89A}.Release-Optimized|Any CPU.Build.0 = Release|Any CPU
		{233E7A76-E8A7-4404-BB46-7C7ED4E84B32}.Debug|Any CPU.ActiveCfg = Debug|Any CPU
		{233E7A76-E8A7-4404-BB46-7C7ED4E84B32}.Debug|Any CPU.Build.0 = Debug|Any CPU
		{233E7A76-E8A7-4404-BB46-7C7ED4E84B32}.Release|Any CPU.ActiveCfg = Release|Any CPU
		{233E7A76-E8A7-4404-BB46-7C7ED4E84B32}.Release|Any CPU.Build.0 = Release|Any CPU
		{233E7A76-E8A7-4404-BB46-7C7ED4E84B32}.Release-Optimized|Any CPU.ActiveCfg = Release|Any CPU
		{233E7A76-E8A7-4404-BB46-7C7ED4E84B32}.Release-Optimized|Any CPU.Build.0 = Release|Any CPU
		{03D191B8-C5BB-44FD-A141-8B91BE8AD516}.Debug|Any CPU.ActiveCfg = Debug|Any CPU
		{03D191B8-C5BB-44FD-A141-8B91BE8AD516}.Debug|Any CPU.Build.0 = Debug|Any CPU
		{03D191B8-C5BB-44FD-A141-8B91BE8AD516}.Release|Any CPU.ActiveCfg = Release|Any CPU
		{03D191B8-C5BB-44FD-A141-8B91BE8AD516}.Release|Any CPU.Build.0 = Release|Any CPU
		{03D191B8-C5BB-44FD-A141-8B91BE8AD516}.Release-Optimized|Any CPU.ActiveCfg = Release|Any CPU
		{03D191B8-C5BB-44FD-A141-8B91BE8AD516}.Release-Optimized|Any CPU.Build.0 = Release|Any CPU
		{F317BA0B-F0E4-4296-3914-63A136AE6A1E}.Debug|Any CPU.ActiveCfg = Debug|Any CPU
		{F317BA0B-F0E4-4296-3914-63A136AE6A1E}.Debug|Any CPU.Build.0 = Debug|Any CPU
		{F317BA0B-F0E4-4296-3914-63A136AE6A1E}.Release|Any CPU.ActiveCfg = Release|Any CPU
		{F317BA0B-F0E4-4296-3914-63A136AE6A1E}.Release|Any CPU.Build.0 = Release|Any CPU
		{F317BA0B-F0E4-4296-3914-63A136AE6A1E}.Release-Optimized|Any CPU.ActiveCfg = Release|Any CPU
		{F317BA0B-F0E4-4296-3914-63A136AE6A1E}.Release-Optimized|Any CPU.Build.0 = Release|Any CPU
	EndGlobalSection
	GlobalSection(SolutionProperties) = preSolution
		HideSolutionNode = FALSE
	EndGlobalSection
	GlobalSection(NestedProjects) = preSolution
		{98DA04E8-EA58-4D52-9DE2-EF1FF6E29A6F} = {97DC52D2-AAAC-47AA-9912-701BC7465BF8}
		{8E3CC1B0-02F7-4E4F-BAFC-CBEDB1C561F1} = {97DC52D2-AAAC-47AA-9912-701BC7465BF8}
		{7E82462B-8192-4EB5-BFF6-A1A4C6B5E284} = {97DC52D2-AAAC-47AA-9912-701BC7465BF8}
		{7848DF21-6C01-41EE-A24C-ADABEFC0A479} = {97DC52D2-AAAC-47AA-9912-701BC7465BF8}
		{7EFE0B91-F21A-4E16-AEFE-40DCF690054E} = {97DC52D2-AAAC-47AA-9912-701BC7465BF8}
		{3B2120D0-ADB2-4228-B859-C56689C8A997} = {97DC52D2-AAAC-47AA-9912-701BC7465BF8}
		{CB84251B-A5E5-4A28-A021-6C32A7DED95E} = {97DC52D2-AAAC-47AA-9912-701BC7465BF8}
		{BC5A0DFD-1503-4EB9-9D04-BBBFAE1CE89A} = {97DC52D2-AAAC-47AA-9912-701BC7465BF8}
		{02EA681E-C7D8-13C7-8484-4AC65E1B71E8} = {50E00028-435D-430C-998C-365DC2906EBC}
		{039EFAFA-389F-4FEC-B995-E7ECC730C2DF} = {02EA681E-C7D8-13C7-8484-4AC65E1B71E8}
		{233E7A76-E8A7-4404-BB46-7C7ED4E84B32} = {97DC52D2-AAAC-47AA-9912-701BC7465BF8}
		{03D191B8-C5BB-44FD-A141-8B91BE8AD516} = {E7B33CD9-74EA-4287-A83F-42B9CE97EC49}
		{F317BA0B-F0E4-4296-3914-63A136AE6A1E} = {E7B33CD9-74EA-4287-A83F-42B9CE97EC49}
	EndGlobalSection
	GlobalSection(ExtensibilityGlobals) = postSolution
		RESX_SortFileContentOnSave = True
		RESX_ConfirmAddLanguageFile = True
		RESX_AutoCreateNewLanguageFiles = True
		SolutionGuid = {D34B3E09-1D09-437F-AF13-C71E677DEA6E}
	EndGlobalSection
EndGlobal
